
Microsoft Visual Studio Solution File, Format Version 12.00
# Visual Studio 14
VisualStudioVersion = 14.0.25420.1
MinimumVisualStudioVersion = 10.0.40219.1
Project("{FAE04EC0-301F-11D3-BF4B-00C04F79EFBC}") = "frmChallan", "frmChallan\frmChallan.csproj", "{0DA9615D-C150-4BC4-AAF6-D6DC36518B07}"
EndProject
Project("{FAE04EC0-301F-11D3-BF4B-00C04F79EFBC}") = "BussinessLibrary", "BussinessLibrary\BussinessLibrary.csproj", "{3A329EA9-4C45-473B-9D48-89E8F74E5832}"
EndProject
Project("{FAE04EC0-301F-11D3-BF4B-00C04F79EFBC}") = "DataConnection", "DataConnection\DataConnection.csproj", "{AF5630DC-72E6-4296-B28F-F76D548F052F}"
EndProject
Project("{FAE04EC0-301F-11D3-BF4B-00C04F79EFBC}") = "EnumerationLibrary", "EnumerationLibrary\EnumerationLibrary.csproj", "{26E0BE25-5178-4F7A-A089-9A7A9678F571}"
EndProject
Project("{FAE04EC0-301F-11D3-BF4B-00C04F79EFBC}") = "frmRegistrationCode", "..\..\Desktop\frmRegistrationCode\frmRegistrationCode\frmRegistrationCode.csproj", "{3732B78B-6819-4C35-B3F6-AEDDF4999F18}"
EndProject
Project("{FAE04EC0-301F-11D3-BF4B-00C04F79EFBC}") = "NetworkLibrary", "NetworkLibrary\NetworkLibrary.csproj", "{37B6E78C-147C-46D1-8C9C-DAE4E92F2C75}"
EndProject
Project("{FAE04EC0-301F-11D3-BF4B-00C04F79EFBC}") = "RegistrationLibrary", "RegistrationLibrary\RegistrationLibrary.csproj", "{9B85779C-E93B-4747-92D5-6D1A4B1B747C}"
EndProject
Project("{FAE04EC0-301F-11D3-BF4B-00C04F79EFBC}") = "LicenceExpireLibrary", "LicenceExpireLibrary\LicenceExpireLibrary.csproj", "{06CEF9C3-6969-4994-9FCA-656413C539B9}"
EndProject
Project("{FAE04EC0-301F-11D3-BF4B-00C04F79EFBC}") = "EncriptionLibrabry", "EncriptionLibrabry\EncriptionLibrabry.csproj", "{61A043D0-6B39-4A53-ADE6-B38148ABFC4D}"
EndProject
Project("{FAE04EC0-301F-11D3-BF4B-00C04F79EFBC}") = "SqlToolsLibrary", "SqlToolsLibrary\SqlToolsLibrary.csproj", "{A062890B-AEC8-4E24-A70C-2E8F25087576}"
EndProject
Global
	GlobalSection(SolutionConfigurationPlatforms) = preSolution
		Debug|Any CPU = Debug|Any CPU
		Release|Any CPU = Release|Any CPU
	EndGlobalSection
	GlobalSection(ProjectConfigurationPlatforms) = postSolution
		{0DA9615D-C150-4BC4-AAF6-D6DC36518B07}.Debug|Any CPU.ActiveCfg = Debug|Any CPU
		{0DA9615D-C150-4BC4-AAF6-D6DC36518B07}.Debug|Any CPU.Build.0 = Debug|Any CPU
		{0DA9615D-C150-4BC4-AAF6-D6DC36518B07}.Release|Any CPU.ActiveCfg = Release|Any CPU
		{0DA9615D-C150-4BC4-AAF6-D6DC36518B07}.Release|Any CPU.Build.0 = Release|Any CPU
		{3A329EA9-4C45-473B-9D48-89E8F74E5832}.Debug|Any CPU.ActiveCfg = Debug|Any CPU
		{3A329EA9-4C45-473B-9D48-89E8F74E5832}.Debug|Any CPU.Build.0 = Debug|Any CPU
		{3A329EA9-4C45-473B-9D48-89E8F74E5832}.Release|Any CPU.ActiveCfg = Release|Any CPU
		{3A329EA9-4C45-473B-9D48-89E8F74E5832}.Release|Any CPU.Build.0 = Release|Any CPU
		{AF5630DC-72E6-4296-B28F-F76D548F052F}.Debug|Any CPU.ActiveCfg = Debug|Any CPU
		{AF5630DC-72E6-4296-B28F-F76D548F052F}.Debug|Any CPU.Build.0 = Debug|Any CPU
		{AF5630DC-72E6-4296-B28F-F76D548F052F}.Release|Any CPU.ActiveCfg = Release|Any CPU
		{AF5630DC-72E6-4296-B28F-F76D548F052F}.Release|Any CPU.Build.0 = Release|Any CPU
		{26E0BE25-5178-4F7A-A089-9A7A9678F571}.Debug|Any CPU.ActiveCfg = Debug|Any CPU
		{26E0BE25-5178-4F7A-A089-9A7A9678F571}.Debug|Any CPU.Build.0 = Debug|Any CPU
		{26E0BE25-5178-4F7A-A089-9A7A9678F571}.Release|Any CPU.ActiveCfg = Release|Any CPU
		{26E0BE25-5178-4F7A-A089-9A7A9678F571}.Release|Any CPU.Build.0 = Release|Any CPU
		{3732B78B-6819-4C35-B3F6-AEDDF4999F18}.Debug|Any CPU.ActiveCfg = Debug|Any CPU
		{3732B78B-6819-4C35-B3F6-AEDDF4999F18}.Debug|Any CPU.Build.0 = Debug|Any CPU
		{3732B78B-6819-4C35-B3F6-AEDDF4999F18}.Release|Any CPU.ActiveCfg = Release|Any CPU
		{3732B78B-6819-4C35-B3F6-AEDDF4999F18}.Release|Any CPU.Build.0 = Release|Any CPU
		{37B6E78C-147C-46D1-8C9C-DAE4E92F2C75}.Debug|Any CPU.ActiveCfg = Debug|Any CPU
		{37B6E78C-147C-46D1-8C9C-DAE4E92F2C75}.Debug|Any CPU.Build.0 = Debug|Any CPU
		{37B6E78C-147C-46D1-8C9C-DAE4E92F2C75}.Release|Any CPU.ActiveCfg = Release|Any CPU
		{37B6E78C-147C-46D1-8C9C-DAE4E92F2C75}.Release|Any CPU.Build.0 = Release|Any CPU
		{9B85779C-E93B-4747-92D5-6D1A4B1B747C}.Debug|Any CPU.ActiveCfg = Debug|Any CPU
		{9B85779C-E93B-4747-92D5-6D1A4B1B747C}.Debug|Any CPU.Build.0 = Debug|Any CPU
		{9B85779C-E93B-4747-92D5-6D1A4B1B747C}.Release|Any CPU.ActiveCfg = Release|Any CPU
		{9B85779C-E93B-4747-92D5-6D1A4B1B747C}.Release|Any CPU.Build.0 = Release|Any CPU
		{06CEF9C3-6969-4994-9FCA-656413C539B9}.Debug|Any CPU.ActiveCfg = Debug|Any CPU
		{06CEF9C3-6969-4994-9FCA-656413C539B9}.Debug|Any CPU.Build.0 = Debug|Any CPU
		{06CEF9C3-6969-4994-9FCA-656413C539B9}.Release|Any CPU.ActiveCfg = Release|Any CPU
		{06CEF9C3-6969-4994-9FCA-656413C539B9}.Release|Any CPU.Build.0 = Release|Any CPU
		{61A043D0-6B39-4A53-ADE6-B38148ABFC4D}.Debug|Any CPU.ActiveCfg = Debug|Any CPU
		{61A043D0-6B39-4A53-ADE6-B38148ABFC4D}.Debug|Any CPU.Build.0 = Debug|Any CPU
		{61A043D0-6B39-4A53-ADE6-B38148ABFC4D}.Release|Any CPU.ActiveCfg = Release|Any CPU
		{61A043D0-6B39-4A53-ADE6-B38148ABFC4D}.Release|Any CPU.Build.0 = Release|Any CPU
		{A062890B-AEC8-4E24-A70C-2E8F25087576}.Debug|Any CPU.ActiveCfg = Debug|Any CPU
		{A062890B-AEC8-4E24-A70C-2E8F25087576}.Debug|Any CPU.Build.0 = Debug|Any CPU
		{A062890B-AEC8-4E24-A70C-2E8F25087576}.Release|Any CPU.ActiveCfg = Release|Any CPU
		{A062890B-AEC8-4E24-A70C-2E8F25087576}.Release|Any CPU.Build.0 = Release|Any CPU
	EndGlobalSection
	GlobalSection(SolutionProperties) = preSolution
		HideSolutionNode = FALSE
	EndGlobalSection
EndGlobal
